
Microsoft Visual Studio Solution File, Format Version 12.00
# Visual Studio 15
Project("{FAE04EC0-301F-11D3-BF4B-00C04F79EFBC}") = "UnityEngine.TestRunner", "UnityEngine.TestRunner.csproj", "{AD523B05-2103-594B-1755-1AA6BEBAFDA4}"
EndProject
Project("{FAE04EC0-301F-11D3-BF4B-00C04F79EFBC}") = "UnityEngine.UI", "UnityEngine.UI.csproj", "{BD00C8BD-91FF-F241-67A2-2B95794825FF}"
EndProject
Project("{FAE04EC0-301F-11D3-BF4B-00C04F79EFBC}") = "Unity.VisualScripting.Flow", "Unity.VisualScripting.Flow.csproj", "{5B0A2A61-D8F5-6051-0CA4-A0CD9E04371E}"
EndProject
Project("{FAE04EC0-301F-11D3-BF4B-00C04F79EFBC}") = "Unity.VisualScripting.State", "Unity.VisualScripting.State.csproj", "{99CC1424-4FF0-6624-8788-D86E9DDD919D}"
EndProject
Project("{FAE04EC0-301F-11D3-BF4B-00C04F79EFBC}") = "Unity.VisualScripting.Core", "Unity.VisualScripting.Core.csproj", "{759BB735-C246-4B67-C842-3FAC2C490A71}"
EndProject
Project("{FAE04EC0-301F-11D3-BF4B-00C04F79EFBC}") = "EnemyFactoryService", "EnemyFactoryService.csproj", "{48A42997-060A-3B76-0FF9-77208A4423AF}"
EndProject
Project("{FAE04EC0-301F-11D3-BF4B-00C04F79EFBC}") = "Unity.TextMeshPro", "Unity.TextMeshPro.csproj", "{10B92EF5-0ED1-5F1B-01DF-96B8A0982DD4}"
EndProject
Project("{FAE04EC0-301F-11D3-BF4B-00C04F79EFBC}") = "Unity.Timeline", "Unity.Timeline.csproj", "{A9507508-1573-455D-6B3E-EAE2EB14779B}"
EndProject
Project("{FAE04EC0-301F-11D3-BF4B-00C04F79EFBC}") = "EnemyLife", "EnemyLife.csproj", "{9493AE70-7879-1599-5FF1-F140ECE6C426}"
EndProject
Project("{FAE04EC0-301F-11D3-BF4B-00C04F79EFBC}") = "PlayerLife", "PlayerLife.csproj", "{5DE218FB-5C8B-9B27-140B-153725DDF446}"
EndProject
Project("{FAE04EC0-301F-11D3-BF4B-00C04F79EFBC}") = "Enemy", "Enemy.csproj", "{A195E623-E6F5-A7ED-187C-243E90A1F22A}"
EndProject
Project("{FAE04EC0-301F-11D3-BF4B-00C04F79EFBC}") = "WaveController", "WaveController.csproj", "{ED8EEF60-51EB-312B-8795-0840F9850FB7}"
EndProject
Project("{FAE04EC0-301F-11D3-BF4B-00C04F79EFBC}") = "IEnemy", "IEnemy.csproj", "{B8239B3F-0D4C-DDD0-929E-5B3FA430ADF2}"
EndProject
Project("{FAE04EC0-301F-11D3-BF4B-00C04F79EFBC}") = "IPlayer", "IPlayer.csproj", "{1323BBBD-9798-48E2-0934-49686E1AFC8C}"
EndProject
Project("{FAE04EC0-301F-11D3-BF4B-00C04F79EFBC}") = "EnemyMovemetn", "EnemyMovemetn.csproj", "{AF1AD28B-B87F-FF15-7088-B1F279BDDA1C}"
EndProject
Project("{FAE04EC0-301F-11D3-BF4B-00C04F79EFBC}") = "Player", "Player.csproj", "{A415243A-344E-3FF2-021C-4B7905E98BAA}"
EndProject
Project("{FAE04EC0-301F-11D3-BF4B-00C04F79EFBC}") = "Service", "Service.csproj", "{900D5D21-665A-A3CC-2A18-9D448BEB2B0F}"
EndProject
Project("{FAE04EC0-301F-11D3-BF4B-00C04F79EFBC}") = "PlayerMovement", "PlayerMovement.csproj", "{8EBAE0EE-3453-6872-2310-DD5B14331242}"
EndProject
Project("{FAE04EC0-301F-11D3-BF4B-00C04F79EFBC}") = "ObjectPool", "ObjectPool.csproj", "{003E7740-4E3A-065C-B80B-8DE3568F27CB}"
EndProject
Project("{FAE04EC0-301F-11D3-BF4B-00C04F79EFBC}") = "PlayerInputs", "PlayerInputs.csproj", "{195C5808-B42F-D020-C1A7-CF4C2826098A}"
EndProject
Project("{FAE04EC0-301F-11D3-BF4B-00C04F79EFBC}") = "EnemyAttack", "EnemyAttack.csproj", "{1135E7B6-5C2E-2691-6C43-65E673081B22}"
EndProject
Project("{FAE04EC0-301F-11D3-BF4B-00C04F79EFBC}") = "PlayerAttack", "PlayerAttack.csproj", "{6D4B8D16-C35F-70C0-50B1-470B5DDDBDDE}"
EndProject
Project("{FAE04EC0-301F-11D3-BF4B-00C04F79EFBC}") = "PlayerRotation", "PlayerRotation.csproj", "{6AAA3DC3-24F2-D868-F620-A640EACF873B}"
EndProject
Project("{FAE04EC0-301F-11D3-BF4B-00C04F79EFBC}") = "ShooterFactoryService", "ShooterFactoryService.csproj", "{E5C2ED2E-67DF-1708-EFD5-FC5F159F3AB7}"
EndProject
Project("{FAE04EC0-301F-11D3-BF4B-00C04F79EFBC}") = "Ammunition", "Ammunition.csproj", "{03DCB348-DE6D-C54B-08BF-9951E86EFB13}"
EndProject
Project("{FAE04EC0-301F-11D3-BF4B-00C04F79EFBC}") = "CameraController", "CameraController.csproj", "{0A4E25F0-C56D-B8A1-C790-F27B0A6C5CC5}"
EndProject
Project("{FAE04EC0-301F-11D3-BF4B-00C04F79EFBC}") = "Unity.PlasticSCM.Editor", "Unity.PlasticSCM.Editor.csproj", "{66D670CB-3F4E-9F4D-9A5D-8D3AB4DE0BFC}"
EndProject
Project("{FAE04EC0-301F-11D3-BF4B-00C04F79EFBC}") = "Unity.VisualScripting.Core.Editor", "Unity.VisualScripting.Core.Editor.csproj", "{1B2CAC07-1F2D-E8A7-5A0B-B4E8BEB20F8A}"
EndProject
Project("{FAE04EC0-301F-11D3-BF4B-00C04F79EFBC}") = "Unity.VisualScripting.Flow.Editor", "Unity.VisualScripting.Flow.Editor.csproj", "{BC2F94C1-AF62-B9A4-D4C4-4F8015FDA9D6}"
EndProject
Project("{FAE04EC0-301F-11D3-BF4B-00C04F79EFBC}") = "Unity.VisualStudio.Editor", "Unity.VisualStudio.Editor.csproj", "{F15373DF-3978-20F6-79D5-03A99EE8EA93}"
EndProject
Project("{FAE04EC0-301F-11D3-BF4B-00C04F79EFBC}") = "Unity.Timeline.Editor", "Unity.Timeline.Editor.csproj", "{0EF7B851-AE27-273D-3A65-DD12F11140EA}"
EndProject
Project("{FAE04EC0-301F-11D3-BF4B-00C04F79EFBC}") = "Unity.VisualScripting.State.Editor", "Unity.VisualScripting.State.Editor.csproj", "{CD091E0D-BB48-DF49-5F9F-D300ECB65700}"
EndProject
Project("{FAE04EC0-301F-11D3-BF4B-00C04F79EFBC}") = "Unity.TextMeshPro.Editor", "Unity.TextMeshPro.Editor.csproj", "{7FE509D6-E6B0-B2EC-E0FF-549607CD421F}"
EndProject
Project("{FAE04EC0-301F-11D3-BF4B-00C04F79EFBC}") = "Unity.VisualScripting.SettingsProvider.Editor", "Unity.VisualScripting.SettingsProvider.Editor.csproj", "{C7281E89-3836-7245-20DC-C10BCC515AFB}"
EndProject
Project("{FAE04EC0-301F-11D3-BF4B-00C04F79EFBC}") = "UnityEditor.TestRunner", "UnityEditor.TestRunner.csproj", "{A25FDF29-8C99-323A-2DEC-77787B64F633}"
EndProject
Project("{FAE04EC0-301F-11D3-BF4B-00C04F79EFBC}") = "Unity.TestTools.CodeCoverage.Editor", "Unity.TestTools.CodeCoverage.Editor.csproj", "{D74B21D1-0FA5-4297-4213-7591A5657B03}"
EndProject
Project("{FAE04EC0-301F-11D3-BF4B-00C04F79EFBC}") = "Unity.Rider.Editor", "Unity.Rider.Editor.csproj", "{3027AAB2-58DC-9E39-E3CF-D8EA790C0C8D}"
EndProject
Project("{FAE04EC0-301F-11D3-BF4B-00C04F79EFBC}") = "Unity.Performance.Profile-Analyzer.Editor", "Unity.Performance.Profile-Analyzer.Editor.csproj", "{09A484E1-6AA8-36DC-514A-47FD88F7614B}"
EndProject
Project("{FAE04EC0-301F-11D3-BF4B-00C04F79EFBC}") = "Unity.VSCode.Editor", "Unity.VSCode.Editor.csproj", "{82732DBD-F61F-4B56-E522-CE018EF14433}"
EndProject
Project("{FAE04EC0-301F-11D3-BF4B-00C04F79EFBC}") = "UnityEditor.UI", "UnityEditor.UI.csproj", "{0BE0A44A-D92C-9A6D-2620-4C0B21D77D23}"
EndProject
Project("{FAE04EC0-301F-11D3-BF4B-00C04F79EFBC}") = "Unity.TestTools.CodeCoverage.Editor.OpenCover.Model", "Unity.TestTools.CodeCoverage.Editor.OpenCover.Model.csproj", "{F66302C9-AEA2-1769-F4FC-DC2A98C52905}"
EndProject
Project("{FAE04EC0-301F-11D3-BF4B-00C04F79EFBC}") = "Unity.EditorCoroutines.Editor", "Unity.EditorCoroutines.Editor.csproj", "{D315C601-D0CF-AD3F-F589-4BC1E001BF45}"
EndProject
Project("{FAE04EC0-301F-11D3-BF4B-00C04F79EFBC}") = "Unity.Settings.Editor", "Unity.Settings.Editor.csproj", "{C76621F3-B3DB-F94A-BE4B-57A0E1A8ACF0}"
EndProject
Project("{FAE04EC0-301F-11D3-BF4B-00C04F79EFBC}") = "Unity.CollabProxy.Editor", "Unity.CollabProxy.Editor.csproj", "{1BCE353B-BF8C-7D50-BCDE-84B7D3A72913}"
EndProject
Project("{FAE04EC0-301F-11D3-BF4B-00C04F79EFBC}") = "Unity.TestTools.CodeCoverage.Editor.OpenCover.Mono.Reflection", "Unity.TestTools.CodeCoverage.Editor.OpenCover.Mono.Reflection.csproj", "{E3C3EF6D-4B5F-155A-0C89-E003439144DF}"
EndProject
Project("{FAE04EC0-301F-11D3-BF4B-00C04F79EFBC}") = "Unity.VisualScripting.Shared.Editor", "Unity.VisualScripting.Shared.Editor.csproj", "{A97C3456-559D-996F-EF54-BEDD9AE85C00}"
EndProject
Project("{FAE04EC0-301F-11D3-BF4B-00C04F79EFBC}") = "UnityEngine.TestRunner", "UnityEngine.TestRunner.Player.csproj", "{5D276261-29CB-3B77-88EF-2B60F0522353}"
EndProject
Project("{FAE04EC0-301F-11D3-BF4B-00C04F79EFBC}") = "UnityEngine.UI", "UnityEngine.UI.Player.csproj", "{B6A300D4-FABB-AE28-2DB0-8ADA6A28E91A}"
EndProject
Project("{FAE04EC0-301F-11D3-BF4B-00C04F79EFBC}") = "Unity.VisualScripting.Flow", "Unity.VisualScripting.Flow.Player.csproj", "{A9F0F823-8D37-B33D-B7F9-D9EB9EDFF228}"
EndProject
Project("{FAE04EC0-301F-11D3-BF4B-00C04F79EFBC}") = "Unity.VisualScripting.State", "Unity.VisualScripting.State.Player.csproj", "{C410A488-E397-A708-9E79-C0A55B82947B}"
EndProject
Project("{FAE04EC0-301F-11D3-BF4B-00C04F79EFBC}") = "Unity.VisualScripting.Core", "Unity.VisualScripting.Core.Player.csproj", "{E3B88D8B-E835-E9DE-98C0-7945AAF4C8B4}"
EndProject
Project("{FAE04EC0-301F-11D3-BF4B-00C04F79EFBC}") = "EnemyFactoryService", "EnemyFactoryService.Player.csproj", "{EB602DB3-40BA-F9B5-FA87-D8F1E681CFFB}"
EndProject
Project("{FAE04EC0-301F-11D3-BF4B-00C04F79EFBC}") = "Unity.TextMeshPro", "Unity.TextMeshPro.Player.csproj", "{4B5E178A-B288-5E3D-86F1-289952B1DD6D}"
EndProject
Project("{FAE04EC0-301F-11D3-BF4B-00C04F79EFBC}") = "Unity.Timeline", "Unity.Timeline.Player.csproj", "{06B77680-4D78-3ECA-4FAE-D7DEC5EE5ABD}"
EndProject
Project("{FAE04EC0-301F-11D3-BF4B-00C04F79EFBC}") = "EnemyLife", "EnemyLife.Player.csproj", "{0F174DDC-9815-F245-84C8-7EDE9F48A8D2}"
EndProject
Project("{FAE04EC0-301F-11D3-BF4B-00C04F79EFBC}") = "PlayerLife", "PlayerLife.Player.csproj", "{3D547A4D-F9B2-67DE-C5C1-56332A13748E}"
EndProject
Project("{FAE04EC0-301F-11D3-BF4B-00C04F79EFBC}") = "Enemy", "Enemy.Player.csproj", "{36E2ACC3-ED80-7A47-CBA1-8EE405D5672E}"
EndProject
Project("{FAE04EC0-301F-11D3-BF4B-00C04F79EFBC}") = "WaveController", "WaveController.Player.csproj", "{CAD75F3C-00DA-BD24-68A2-97E0C9D175B6}"
EndProject
Project("{FAE04EC0-301F-11D3-BF4B-00C04F79EFBC}") = "IEnemy", "IEnemy.Player.csproj", "{DDF819CD-82DC-6739-5C52-305D1B958B7C}"
EndProject
Project("{FAE04EC0-301F-11D3-BF4B-00C04F79EFBC}") = "IPlayer", "IPlayer.Player.csproj", "{D13DDF5A-210E-7C61-7A4A-3CE59CC8001A}"
EndProject
Project("{FAE04EC0-301F-11D3-BF4B-00C04F79EFBC}") = "EnemyMovemetn", "EnemyMovemetn.Player.csproj", "{9052DE62-673A-E9D5-4BC2-178BBD0A66D1}"
EndProject
Project("{FAE04EC0-301F-11D3-BF4B-00C04F79EFBC}") = "Player", "Player.Player.csproj", "{92C643B5-3369-CD46-1C4A-2C744F5DC538}"
EndProject
Project("{FAE04EC0-301F-11D3-BF4B-00C04F79EFBC}") = "Service", "Service.Player.csproj", "{7BE54F8D-1D1E-EED4-D84F-514263FE0CB5}"
EndProject
Project("{FAE04EC0-301F-11D3-BF4B-00C04F79EFBC}") = "PlayerMovement", "PlayerMovement.Player.csproj", "{9727DF2E-A7C8-4606-2C59-C61621DE3502}"
EndProject
Project("{FAE04EC0-301F-11D3-BF4B-00C04F79EFBC}") = "ObjectPool", "ObjectPool.Player.csproj", "{FA31E4CE-E5C9-021C-97E5-6CBD715FE1FA}"
EndProject
Project("{FAE04EC0-301F-11D3-BF4B-00C04F79EFBC}") = "PlayerInputs", "PlayerInputs.Player.csproj", "{C0DF9FFC-12E8-2229-106B-E047D82176FB}"
EndProject
Project("{FAE04EC0-301F-11D3-BF4B-00C04F79EFBC}") = "EnemyAttack", "EnemyAttack.Player.csproj", "{C33D7C1D-C1C0-9ADE-83CF-5F80636DAB6B}"
EndProject
Project("{FAE04EC0-301F-11D3-BF4B-00C04F79EFBC}") = "PlayerAttack", "PlayerAttack.Player.csproj", "{940A5A40-CE5E-2045-C815-861A4D15E798}"
EndProject
Project("{FAE04EC0-301F-11D3-BF4B-00C04F79EFBC}") = "PlayerRotation", "PlayerRotation.Player.csproj", "{083FA408-67C8-0455-B440-04B6E6D97D20}"
EndProject
Project("{FAE04EC0-301F-11D3-BF4B-00C04F79EFBC}") = "ShooterFactoryService", "ShooterFactoryService.Player.csproj", "{578686B0-5515-8523-BA66-C931165160AB}"
EndProject
Project("{FAE04EC0-301F-11D3-BF4B-00C04F79EFBC}") = "Ammunition", "Ammunition.Player.csproj", "{923955F0-2A39-75BD-7F73-8A9A248C548A}"
EndProject
Project("{FAE04EC0-301F-11D3-BF4B-00C04F79EFBC}") = "CameraController", "CameraController.Player.csproj", "{ACC05632-8530-B93F-439D-ABFAD1A14FA3}"
EndProject
Global
	GlobalSection(SolutionConfigurationPlatforms) = preSolution
		Debug|Any CPU = Debug|Any CPU
		Release|Any CPU = Release|Any CPU
	EndGlobalSection
	GlobalSection(ProjectConfigurationPlatforms) = postSolution
		{AD523B05-2103-594B-1755-1AA6BEBAFDA4}.Debug|Any CPU.ActiveCfg = Debug|Any CPU
		{AD523B05-2103-594B-1755-1AA6BEBAFDA4}.Debug|Any CPU.Build.0 = Debug|Any CPU
		{AD523B05-2103-594B-1755-1AA6BEBAFDA4}.Release|Any CPU.ActiveCfg = Release|Any CPU
		{AD523B05-2103-594B-1755-1AA6BEBAFDA4}.Release|Any CPU.Build.0 = Release|Any CPU
		{BD00C8BD-91FF-F241-67A2-2B95794825FF}.Debug|Any CPU.ActiveCfg = Debug|Any CPU
		{BD00C8BD-91FF-F241-67A2-2B95794825FF}.Debug|Any CPU.Build.0 = Debug|Any CPU
		{BD00C8BD-91FF-F241-67A2-2B95794825FF}.Release|Any CPU.ActiveCfg = Release|Any CPU
		{BD00C8BD-91FF-F241-67A2-2B95794825FF}.Release|Any CPU.Build.0 = Release|Any CPU
		{5B0A2A61-D8F5-6051-0CA4-A0CD9E04371E}.Debug|Any CPU.ActiveCfg = Debug|Any CPU
		{5B0A2A61-D8F5-6051-0CA4-A0CD9E04371E}.Debug|Any CPU.Build.0 = Debug|Any CPU
		{5B0A2A61-D8F5-6051-0CA4-A0CD9E04371E}.Release|Any CPU.ActiveCfg = Release|Any CPU
		{5B0A2A61-D8F5-6051-0CA4-A0CD9E04371E}.Release|Any CPU.Build.0 = Release|Any CPU
		{99CC1424-4FF0-6624-8788-D86E9DDD919D}.Debug|Any CPU.ActiveCfg = Debug|Any CPU
		{99CC1424-4FF0-6624-8788-D86E9DDD919D}.Debug|Any CPU.Build.0 = Debug|Any CPU
		{99CC1424-4FF0-6624-8788-D86E9DDD919D}.Release|Any CPU.ActiveCfg = Release|Any CPU
		{99CC1424-4FF0-6624-8788-D86E9DDD919D}.Release|Any CPU.Build.0 = Release|Any CPU
		{759BB735-C246-4B67-C842-3FAC2C490A71}.Debug|Any CPU.ActiveCfg = Debug|Any CPU
		{759BB735-C246-4B67-C842-3FAC2C490A71}.Debug|Any CPU.Build.0 = Debug|Any CPU
		{759BB735-C246-4B67-C842-3FAC2C490A71}.Release|Any CPU.ActiveCfg = Release|Any CPU
		{759BB735-C246-4B67-C842-3FAC2C490A71}.Release|Any CPU.Build.0 = Release|Any CPU
		{48A42997-060A-3B76-0FF9-77208A4423AF}.Debug|Any CPU.ActiveCfg = Debug|Any CPU
		{48A42997-060A-3B76-0FF9-77208A4423AF}.Debug|Any CPU.Build.0 = Debug|Any CPU
		{48A42997-060A-3B76-0FF9-77208A4423AF}.Release|Any CPU.ActiveCfg = Release|Any CPU
		{48A42997-060A-3B76-0FF9-77208A4423AF}.Release|Any CPU.Build.0 = Release|Any CPU
		{10B92EF5-0ED1-5F1B-01DF-96B8A0982DD4}.Debug|Any CPU.ActiveCfg = Debug|Any CPU
		{10B92EF5-0ED1-5F1B-01DF-96B8A0982DD4}.Debug|Any CPU.Build.0 = Debug|Any CPU
		{10B92EF5-0ED1-5F1B-01DF-96B8A0982DD4}.Release|Any CPU.ActiveCfg = Release|Any CPU
		{10B92EF5-0ED1-5F1B-01DF-96B8A0982DD4}.Release|Any CPU.Build.0 = Release|Any CPU
		{A9507508-1573-455D-6B3E-EAE2EB14779B}.Debug|Any CPU.ActiveCfg = Debug|Any CPU
		{A9507508-1573-455D-6B3E-EAE2EB14779B}.Debug|Any CPU.Build.0 = Debug|Any CPU
		{A9507508-1573-455D-6B3E-EAE2EB14779B}.Release|Any CPU.ActiveCfg = Release|Any CPU
		{A9507508-1573-455D-6B3E-EAE2EB14779B}.Release|Any CPU.Build.0 = Release|Any CPU
		{9493AE70-7879-1599-5FF1-F140ECE6C426}.Debug|Any CPU.ActiveCfg = Debug|Any CPU
		{9493AE70-7879-1599-5FF1-F140ECE6C426}.Debug|Any CPU.Build.0 = Debug|Any CPU
		{9493AE70-7879-1599-5FF1-F140ECE6C426}.Release|Any CPU.ActiveCfg = Release|Any CPU
		{9493AE70-7879-1599-5FF1-F140ECE6C426}.Release|Any CPU.Build.0 = Release|Any CPU
		{5DE218FB-5C8B-9B27-140B-153725DDF446}.Debug|Any CPU.ActiveCfg = Debug|Any CPU
		{5DE218FB-5C8B-9B27-140B-153725DDF446}.Debug|Any CPU.Build.0 = Debug|Any CPU
		{5DE218FB-5C8B-9B27-140B-153725DDF446}.Release|Any CPU.ActiveCfg = Release|Any CPU
		{5DE218FB-5C8B-9B27-140B-153725DDF446}.Release|Any CPU.Build.0 = Release|Any CPU
		{A195E623-E6F5-A7ED-187C-243E90A1F22A}.Debug|Any CPU.ActiveCfg = Debug|Any CPU
		{A195E623-E6F5-A7ED-187C-243E90A1F22A}.Debug|Any CPU.Build.0 = Debug|Any CPU
		{A195E623-E6F5-A7ED-187C-243E90A1F22A}.Release|Any CPU.ActiveCfg = Release|Any CPU
		{A195E623-E6F5-A7ED-187C-243E90A1F22A}.Release|Any CPU.Build.0 = Release|Any CPU
		{ED8EEF60-51EB-312B-8795-0840F9850FB7}.Debug|Any CPU.ActiveCfg = Debug|Any CPU
		{ED8EEF60-51EB-312B-8795-0840F9850FB7}.Debug|Any CPU.Build.0 = Debug|Any CPU
		{ED8EEF60-51EB-312B-8795-0840F9850FB7}.Release|Any CPU.ActiveCfg = Release|Any CPU
		{ED8EEF60-51EB-312B-8795-0840F9850FB7}.Release|Any CPU.Build.0 = Release|Any CPU
		{B8239B3F-0D4C-DDD0-929E-5B3FA430ADF2}.Debug|Any CPU.ActiveCfg = Debug|Any CPU
		{B8239B3F-0D4C-DDD0-929E-5B3FA430ADF2}.Debug|Any CPU.Build.0 = Debug|Any CPU
		{B8239B3F-0D4C-DDD0-929E-5B3FA430ADF2}.Release|Any CPU.ActiveCfg = Release|Any CPU
		{B8239B3F-0D4C-DDD0-929E-5B3FA430ADF2}.Release|Any CPU.Build.0 = Release|Any CPU
		{1323BBBD-9798-48E2-0934-49686E1AFC8C}.Debug|Any CPU.ActiveCfg = Debug|Any CPU
		{1323BBBD-9798-48E2-0934-49686E1AFC8C}.Debug|Any CPU.Build.0 = Debug|Any CPU
		{1323BBBD-9798-48E2-0934-49686E1AFC8C}.Release|Any CPU.ActiveCfg = Release|Any CPU
		{1323BBBD-9798-48E2-0934-49686E1AFC8C}.Release|Any CPU.Build.0 = Release|Any CPU
		{AF1AD28B-B87F-FF15-7088-B1F279BDDA1C}.Debug|Any CPU.ActiveCfg = Debug|Any CPU
		{AF1AD28B-B87F-FF15-7088-B1F279BDDA1C}.Debug|Any CPU.Build.0 = Debug|Any CPU
		{AF1AD28B-B87F-FF15-7088-B1F279BDDA1C}.Release|Any CPU.ActiveCfg = Release|Any CPU
		{AF1AD28B-B87F-FF15-7088-B1F279BDDA1C}.Release|Any CPU.Build.0 = Release|Any CPU
		{A415243A-344E-3FF2-021C-4B7905E98BAA}.Debug|Any CPU.ActiveCfg = Debug|Any CPU
		{A415243A-344E-3FF2-021C-4B7905E98BAA}.Debug|Any CPU.Build.0 = Debug|Any CPU
		{A415243A-344E-3FF2-021C-4B7905E98BAA}.Release|Any CPU.ActiveCfg = Release|Any CPU
		{A415243A-344E-3FF2-021C-4B7905E98BAA}.Release|Any CPU.Build.0 = Release|Any CPU
		{900D5D21-665A-A3CC-2A18-9D448BEB2B0F}.Debug|Any CPU.ActiveCfg = Debug|Any CPU
		{900D5D21-665A-A3CC-2A18-9D448BEB2B0F}.Debug|Any CPU.Build.0 = Debug|Any CPU
		{900D5D21-665A-A3CC-2A18-9D448BEB2B0F}.Release|Any CPU.ActiveCfg = Release|Any CPU
		{900D5D21-665A-A3CC-2A18-9D448BEB2B0F}.Release|Any CPU.Build.0 = Release|Any CPU
		{8EBAE0EE-3453-6872-2310-DD5B14331242}.Debug|Any CPU.ActiveCfg = Debug|Any CPU
		{8EBAE0EE-3453-6872-2310-DD5B14331242}.Debug|Any CPU.Build.0 = Debug|Any CPU
		{8EBAE0EE-3453-6872-2310-DD5B14331242}.Release|Any CPU.ActiveCfg = Release|Any CPU
		{8EBAE0EE-3453-6872-2310-DD5B14331242}.Release|Any CPU.Build.0 = Release|Any CPU
		{003E7740-4E3A-065C-B80B-8DE3568F27CB}.Debug|Any CPU.ActiveCfg = Debug|Any CPU
		{003E7740-4E3A-065C-B80B-8DE3568F27CB}.Debug|Any CPU.Build.0 = Debug|Any CPU
		{003E7740-4E3A-065C-B80B-8DE3568F27CB}.Release|Any CPU.ActiveCfg = Release|Any CPU
		{003E7740-4E3A-065C-B80B-8DE3568F27CB}.Release|Any CPU.Build.0 = Release|Any CPU
		{195C5808-B42F-D020-C1A7-CF4C2826098A}.Debug|Any CPU.ActiveCfg = Debug|Any CPU
		{195C5808-B42F-D020-C1A7-CF4C2826098A}.Debug|Any CPU.Build.0 = Debug|Any CPU
		{195C5808-B42F-D020-C1A7-CF4C2826098A}.Release|Any CPU.ActiveCfg = Release|Any CPU
		{195C5808-B42F-D020-C1A7-CF4C2826098A}.Release|Any CPU.Build.0 = Release|Any CPU
		{1135E7B6-5C2E-2691-6C43-65E673081B22}.Debug|Any CPU.ActiveCfg = Debug|Any CPU
		{1135E7B6-5C2E-2691-6C43-65E673081B22}.Debug|Any CPU.Build.0 = Debug|Any CPU
		{1135E7B6-5C2E-2691-6C43-65E673081B22}.Release|Any CPU.ActiveCfg = Release|Any CPU
		{1135E7B6-5C2E-2691-6C43-65E673081B22}.Release|Any CPU.Build.0 = Release|Any CPU
		{6D4B8D16-C35F-70C0-50B1-470B5DDDBDDE}.Debug|Any CPU.ActiveCfg = Debug|Any CPU
		{6D4B8D16-C35F-70C0-50B1-470B5DDDBDDE}.Debug|Any CPU.Build.0 = Debug|Any CPU
		{6D4B8D16-C35F-70C0-50B1-470B5DDDBDDE}.Release|Any CPU.ActiveCfg = Release|Any CPU
		{6D4B8D16-C35F-70C0-50B1-470B5DDDBDDE}.Release|Any CPU.Build.0 = Release|Any CPU
		{6AAA3DC3-24F2-D868-F620-A640EACF873B}.Debug|Any CPU.ActiveCfg = Debug|Any CPU
		{6AAA3DC3-24F2-D868-F620-A640EACF873B}.Debug|Any CPU.Build.0 = Debug|Any CPU
		{6AAA3DC3-24F2-D868-F620-A640EACF873B}.Release|Any CPU.ActiveCfg = Release|Any CPU
		{6AAA3DC3-24F2-D868-F620-A640EACF873B}.Release|Any CPU.Build.0 = Release|Any CPU
		{E5C2ED2E-67DF-1708-EFD5-FC5F159F3AB7}.Debug|Any CPU.ActiveCfg = Debug|Any CPU
		{E5C2ED2E-67DF-1708-EFD5-FC5F159F3AB7}.Debug|Any CPU.Build.0 = Debug|Any CPU
		{E5C2ED2E-67DF-1708-EFD5-FC5F159F3AB7}.Release|Any CPU.ActiveCfg = Release|Any CPU
		{E5C2ED2E-67DF-1708-EFD5-FC5F159F3AB7}.Release|Any CPU.Build.0 = Release|Any CPU
		{03DCB348-DE6D-C54B-08BF-9951E86EFB13}.Debug|Any CPU.ActiveCfg = Debug|Any CPU
		{03DCB348-DE6D-C54B-08BF-9951E86EFB13}.Debug|Any CPU.Build.0 = Debug|Any CPU
		{03DCB348-DE6D-C54B-08BF-9951E86EFB13}.Release|Any CPU.ActiveCfg = Release|Any CPU
		{03DCB348-DE6D-C54B-08BF-9951E86EFB13}.Release|Any CPU.Build.0 = Release|Any CPU
		{0A4E25F0-C56D-B8A1-C790-F27B0A6C5CC5}.Debug|Any CPU.ActiveCfg = Debug|Any CPU
		{0A4E25F0-C56D-B8A1-C790-F27B0A6C5CC5}.Debug|Any CPU.Build.0 = Debug|Any CPU
		{0A4E25F0-C56D-B8A1-C790-F27B0A6C5CC5}.Release|Any CPU.ActiveCfg = Release|Any CPU
		{0A4E25F0-C56D-B8A1-C790-F27B0A6C5CC5}.Release|Any CPU.Build.0 = Release|Any CPU
		{66D670CB-3F4E-9F4D-9A5D-8D3AB4DE0BFC}.Debug|Any CPU.ActiveCfg = Debug|Any CPU
		{66D670CB-3F4E-9F4D-9A5D-8D3AB4DE0BFC}.Debug|Any CPU.Build.0 = Debug|Any CPU
		{66D670CB-3F4E-9F4D-9A5D-8D3AB4DE0BFC}.Release|Any CPU.ActiveCfg = Release|Any CPU
		{66D670CB-3F4E-9F4D-9A5D-8D3AB4DE0BFC}.Release|Any CPU.Build.0 = Release|Any CPU
		{1B2CAC07-1F2D-E8A7-5A0B-B4E8BEB20F8A}.Debug|Any CPU.ActiveCfg = Debug|Any CPU
		{1B2CAC07-1F2D-E8A7-5A0B-B4E8BEB20F8A}.Debug|Any CPU.Build.0 = Debug|Any CPU
		{1B2CAC07-1F2D-E8A7-5A0B-B4E8BEB20F8A}.Release|Any CPU.ActiveCfg = Release|Any CPU
		{1B2CAC07-1F2D-E8A7-5A0B-B4E8BEB20F8A}.Release|Any CPU.Build.0 = Release|Any CPU
		{BC2F94C1-AF62-B9A4-D4C4-4F8015FDA9D6}.Debug|Any CPU.ActiveCfg = Debug|Any CPU
		{BC2F94C1-AF62-B9A4-D4C4-4F8015FDA9D6}.Debug|Any CPU.Build.0 = Debug|Any CPU
		{BC2F94C1-AF62-B9A4-D4C4-4F8015FDA9D6}.Release|Any CPU.ActiveCfg = Release|Any CPU
		{BC2F94C1-AF62-B9A4-D4C4-4F8015FDA9D6}.Release|Any CPU.Build.0 = Release|Any CPU
		{F15373DF-3978-20F6-79D5-03A99EE8EA93}.Debug|Any CPU.ActiveCfg = Debug|Any CPU
		{F15373DF-3978-20F6-79D5-03A99EE8EA93}.Debug|Any CPU.Build.0 = Debug|Any CPU
		{F15373DF-3978-20F6-79D5-03A99EE8EA93}.Release|Any CPU.ActiveCfg = Release|Any CPU
		{F15373DF-3978-20F6-79D5-03A99EE8EA93}.Release|Any CPU.Build.0 = Release|Any CPU
		{0EF7B851-AE27-273D-3A65-DD12F11140EA}.Debug|Any CPU.ActiveCfg = Debug|Any CPU
		{0EF7B851-AE27-273D-3A65-DD12F11140EA}.Debug|Any CPU.Build.0 = Debug|Any CPU
		{0EF7B851-AE27-273D-3A65-DD12F11140EA}.Release|Any CPU.ActiveCfg = Release|Any CPU
		{0EF7B851-AE27-273D-3A65-DD12F11140EA}.Release|Any CPU.Build.0 = Release|Any CPU
		{CD091E0D-BB48-DF49-5F9F-D300ECB65700}.Debug|Any CPU.ActiveCfg = Debug|Any CPU
		{CD091E0D-BB48-DF49-5F9F-D300ECB65700}.Debug|Any CPU.Build.0 = Debug|Any CPU
		{CD091E0D-BB48-DF49-5F9F-D300ECB65700}.Release|Any CPU.ActiveCfg = Release|Any CPU
		{CD091E0D-BB48-DF49-5F9F-D300ECB65700}.Release|Any CPU.Build.0 = Release|Any CPU
		{7FE509D6-E6B0-B2EC-E0FF-549607CD421F}.Debug|Any CPU.ActiveCfg = Debug|Any CPU
		{7FE509D6-E6B0-B2EC-E0FF-549607CD421F}.Debug|Any CPU.Build.0 = Debug|Any CPU
		{7FE509D6-E6B0-B2EC-E0FF-549607CD421F}.Release|Any CPU.ActiveCfg = Release|Any CPU
		{7FE509D6-E6B0-B2EC-E0FF-549607CD421F}.Release|Any CPU.Build.0 = Release|Any CPU
		{C7281E89-3836-7245-20DC-C10BCC515AFB}.Debug|Any CPU.ActiveCfg = Debug|Any CPU
		{C7281E89-3836-7245-20DC-C10BCC515AFB}.Debug|Any CPU.Build.0 = Debug|Any CPU
		{C7281E89-3836-7245-20DC-C10BCC515AFB}.Release|Any CPU.ActiveCfg = Release|Any CPU
		{C7281E89-3836-7245-20DC-C10BCC515AFB}.Release|Any CPU.Build.0 = Release|Any CPU
		{A25FDF29-8C99-323A-2DEC-77787B64F633}.Debug|Any CPU.ActiveCfg = Debug|Any CPU
		{A25FDF29-8C99-323A-2DEC-77787B64F633}.Debug|Any CPU.Build.0 = Debug|Any CPU
		{A25FDF29-8C99-323A-2DEC-77787B64F633}.Release|Any CPU.ActiveCfg = Release|Any CPU
		{A25FDF29-8C99-323A-2DEC-77787B64F633}.Release|Any CPU.Build.0 = Release|Any CPU
		{D74B21D1-0FA5-4297-4213-7591A5657B03}.Debug|Any CPU.ActiveCfg = Debug|Any CPU
		{D74B21D1-0FA5-4297-4213-7591A5657B03}.Debug|Any CPU.Build.0 = Debug|Any CPU
		{D74B21D1-0FA5-4297-4213-7591A5657B03}.Release|Any CPU.ActiveCfg = Release|Any CPU
		{D74B21D1-0FA5-4297-4213-7591A5657B03}.Release|Any CPU.Build.0 = Release|Any CPU
		{3027AAB2-58DC-9E39-E3CF-D8EA790C0C8D}.Debug|Any CPU.ActiveCfg = Debug|Any CPU
		{3027AAB2-58DC-9E39-E3CF-D8EA790C0C8D}.Debug|Any CPU.Build.0 = Debug|Any CPU
		{3027AAB2-58DC-9E39-E3CF-D8EA790C0C8D}.Release|Any CPU.ActiveCfg = Release|Any CPU
		{3027AAB2-58DC-9E39-E3CF-D8EA790C0C8D}.Release|Any CPU.Build.0 = Release|Any CPU
		{09A484E1-6AA8-36DC-514A-47FD88F7614B}.Debug|Any CPU.ActiveCfg = Debug|Any CPU
		{09A484E1-6AA8-36DC-514A-47FD88F7614B}.Debug|Any CPU.Build.0 = Debug|Any CPU
		{09A484E1-6AA8-36DC-514A-47FD88F7614B}.Release|Any CPU.ActiveCfg = Release|Any CPU
		{09A484E1-6AA8-36DC-514A-47FD88F7614B}.Release|Any CPU.Build.0 = Release|Any CPU
		{82732DBD-F61F-4B56-E522-CE018EF14433}.Debug|Any CPU.ActiveCfg = Debug|Any CPU
		{82732DBD-F61F-4B56-E522-CE018EF14433}.Debug|Any CPU.Build.0 = Debug|Any CPU
		{82732DBD-F61F-4B56-E522-CE018EF14433}.Release|Any CPU.ActiveCfg = Release|Any CPU
		{82732DBD-F61F-4B56-E522-CE018EF14433}.Release|Any CPU.Build.0 = Release|Any CPU
		{0BE0A44A-D92C-9A6D-2620-4C0B21D77D23}.Debug|Any CPU.ActiveCfg = Debug|Any CPU
		{0BE0A44A-D92C-9A6D-2620-4C0B21D77D23}.Debug|Any CPU.Build.0 = Debug|Any CPU
		{0BE0A44A-D92C-9A6D-2620-4C0B21D77D23}.Release|Any CPU.ActiveCfg = Release|Any CPU
		{0BE0A44A-D92C-9A6D-2620-4C0B21D77D23}.Release|Any CPU.Build.0 = Release|Any CPU
		{F66302C9-AEA2-1769-F4FC-DC2A98C52905}.Debug|Any CPU.ActiveCfg = Debug|Any CPU
		{F66302C9-AEA2-1769-F4FC-DC2A98C52905}.Debug|Any CPU.Build.0 = Debug|Any CPU
		{F66302C9-AEA2-1769-F4FC-DC2A98C52905}.Release|Any CPU.ActiveCfg = Release|Any CPU
		{F66302C9-AEA2-1769-F4FC-DC2A98C52905}.Release|Any CPU.Build.0 = Release|Any CPU
		{D315C601-D0CF-AD3F-F589-4BC1E001BF45}.Debug|Any CPU.ActiveCfg = Debug|Any CPU
		{D315C601-D0CF-AD3F-F589-4BC1E001BF45}.Debug|Any CPU.Build.0 = Debug|Any CPU
		{D315C601-D0CF-AD3F-F589-4BC1E001BF45}.Release|Any CPU.ActiveCfg = Release|Any CPU
		{D315C601-D0CF-AD3F-F589-4BC1E001BF45}.Release|Any CPU.Build.0 = Release|Any CPU
		{C76621F3-B3DB-F94A-BE4B-57A0E1A8ACF0}.Debug|Any CPU.ActiveCfg = Debug|Any CPU
		{C76621F3-B3DB-F94A-BE4B-57A0E1A8ACF0}.Debug|Any CPU.Build.0 = Debug|Any CPU
		{C76621F3-B3DB-F94A-BE4B-57A0E1A8ACF0}.Release|Any CPU.ActiveCfg = Release|Any CPU
		{C76621F3-B3DB-F94A-BE4B-57A0E1A8ACF0}.Release|Any CPU.Build.0 = Release|Any CPU
		{1BCE353B-BF8C-7D50-BCDE-84B7D3A72913}.Debug|Any CPU.ActiveCfg = Debug|Any CPU
		{1BCE353B-BF8C-7D50-BCDE-84B7D3A72913}.Debug|Any CPU.Build.0 = Debug|Any CPU
		{1BCE353B-BF8C-7D50-BCDE-84B7D3A72913}.Release|Any CPU.ActiveCfg = Release|Any CPU
		{1BCE353B-BF8C-7D50-BCDE-84B7D3A72913}.Release|Any CPU.Build.0 = Release|Any CPU
		{E3C3EF6D-4B5F-155A-0C89-E003439144DF}.Debug|Any CPU.ActiveCfg = Debug|Any CPU
		{E3C3EF6D-4B5F-155A-0C89-E003439144DF}.Debug|Any CPU.Build.0 = Debug|Any CPU
		{E3C3EF6D-4B5F-155A-0C89-E003439144DF}.Release|Any CPU.ActiveCfg = Release|Any CPU
		{E3C3EF6D-4B5F-155A-0C89-E003439144DF}.Release|Any CPU.Build.0 = Release|Any CPU
		{A97C3456-559D-996F-EF54-BEDD9AE85C00}.Debug|Any CPU.ActiveCfg = Debug|Any CPU
		{A97C3456-559D-996F-EF54-BEDD9AE85C00}.Debug|Any CPU.Build.0 = Debug|Any CPU
		{A97C3456-559D-996F-EF54-BEDD9AE85C00}.Release|Any CPU.ActiveCfg = Release|Any CPU
		{A97C3456-559D-996F-EF54-BEDD9AE85C00}.Release|Any CPU.Build.0 = Release|Any CPU
		{5D276261-29CB-3B77-88EF-2B60F0522353}.Debug|Any CPU.ActiveCfg = Debug|Any CPU
		{5D276261-29CB-3B77-88EF-2B60F0522353}.Debug|Any CPU.Build.0 = Debug|Any CPU
		{5D276261-29CB-3B77-88EF-2B60F0522353}.Release|Any CPU.ActiveCfg = Release|Any CPU
		{5D276261-29CB-3B77-88EF-2B60F0522353}.Release|Any CPU.Build.0 = Release|Any CPU
		{B6A300D4-FABB-AE28-2DB0-8ADA6A28E91A}.Debug|Any CPU.ActiveCfg = Debug|Any CPU
		{B6A300D4-FABB-AE28-2DB0-8ADA6A28E91A}.Debug|Any CPU.Build.0 = Debug|Any CPU
		{B6A300D4-FABB-AE28-2DB0-8ADA6A28E91A}.Release|Any CPU.ActiveCfg = Release|Any CPU
		{B6A300D4-FABB-AE28-2DB0-8ADA6A28E91A}.Release|Any CPU.Build.0 = Release|Any CPU
		{A9F0F823-8D37-B33D-B7F9-D9EB9EDFF228}.Debug|Any CPU.ActiveCfg = Debug|Any CPU
		{A9F0F823-8D37-B33D-B7F9-D9EB9EDFF228}.Debug|Any CPU.Build.0 = Debug|Any CPU
		{A9F0F823-8D37-B33D-B7F9-D9EB9EDFF228}.Release|Any CPU.ActiveCfg = Release|Any CPU
		{A9F0F823-8D37-B33D-B7F9-D9EB9EDFF228}.Release|Any CPU.Build.0 = Release|Any CPU
		{C410A488-E397-A708-9E79-C0A55B82947B}.Debug|Any CPU.ActiveCfg = Debug|Any CPU
		{C410A488-E397-A708-9E79-C0A55B82947B}.Debug|Any CPU.Build.0 = Debug|Any CPU
		{C410A488-E397-A708-9E79-C0A55B82947B}.Release|Any CPU.ActiveCfg = Release|Any CPU
		{C410A488-E397-A708-9E79-C0A55B82947B}.Release|Any CPU.Build.0 = Release|Any CPU
		{E3B88D8B-E835-E9DE-98C0-7945AAF4C8B4}.Debug|Any CPU.ActiveCfg = Debug|Any CPU
		{E3B88D8B-E835-E9DE-98C0-7945AAF4C8B4}.Debug|Any CPU.Build.0 = Debug|Any CPU
		{E3B88D8B-E835-E9DE-98C0-7945AAF4C8B4}.Release|Any CPU.ActiveCfg = Release|Any CPU
		{E3B88D8B-E835-E9DE-98C0-7945AAF4C8B4}.Release|Any CPU.Build.0 = Release|Any CPU
		{EB602DB3-40BA-F9B5-FA87-D8F1E681CFFB}.Debug|Any CPU.ActiveCfg = Debug|Any CPU
		{EB602DB3-40BA-F9B5-FA87-D8F1E681CFFB}.Debug|Any CPU.Build.0 = Debug|Any CPU
		{EB602DB3-40BA-F9B5-FA87-D8F1E681CFFB}.Release|Any CPU.ActiveCfg = Release|Any CPU
		{EB602DB3-40BA-F9B5-FA87-D8F1E681CFFB}.Release|Any CPU.Build.0 = Release|Any CPU
		{4B5E178A-B288-5E3D-86F1-289952B1DD6D}.Debug|Any CPU.ActiveCfg = Debug|Any CPU
		{4B5E178A-B288-5E3D-86F1-289952B1DD6D}.Debug|Any CPU.Build.0 = Debug|Any CPU
		{4B5E178A-B288-5E3D-86F1-289952B1DD6D}.Release|Any CPU.ActiveCfg = Release|Any CPU
		{4B5E178A-B288-5E3D-86F1-289952B1DD6D}.Release|Any CPU.Build.0 = Release|Any CPU
		{06B77680-4D78-3ECA-4FAE-D7DEC5EE5ABD}.Debug|Any CPU.ActiveCfg = Debug|Any CPU
		{06B77680-4D78-3ECA-4FAE-D7DEC5EE5ABD}.Debug|Any CPU.Build.0 = Debug|Any CPU
		{06B77680-4D78-3ECA-4FAE-D7DEC5EE5ABD}.Release|Any CPU.ActiveCfg = Release|Any CPU
		{06B77680-4D78-3ECA-4FAE-D7DEC5EE5ABD}.Release|Any CPU.Build.0 = Release|Any CPU
		{0F174DDC-9815-F245-84C8-7EDE9F48A8D2}.Debug|Any CPU.ActiveCfg = Debug|Any CPU
		{0F174DDC-9815-F245-84C8-7EDE9F48A8D2}.Debug|Any CPU.Build.0 = Debug|Any CPU
		{0F174DDC-9815-F245-84C8-7EDE9F48A8D2}.Release|Any CPU.ActiveCfg = Release|Any CPU
		{0F174DDC-9815-F245-84C8-7EDE9F48A8D2}.Release|Any CPU.Build.0 = Release|Any CPU
		{3D547A4D-F9B2-67DE-C5C1-56332A13748E}.Debug|Any CPU.ActiveCfg = Debug|Any CPU
		{3D547A4D-F9B2-67DE-C5C1-56332A13748E}.Debug|Any CPU.Build.0 = Debug|Any CPU
		{3D547A4D-F9B2-67DE-C5C1-56332A13748E}.Release|Any CPU.ActiveCfg = Release|Any CPU
		{3D547A4D-F9B2-67DE-C5C1-56332A13748E}.Release|Any CPU.Build.0 = Release|Any CPU
		{36E2ACC3-ED80-7A47-CBA1-8EE405D5672E}.Debug|Any CPU.ActiveCfg = Debug|Any CPU
		{36E2ACC3-ED80-7A47-CBA1-8EE405D5672E}.Debug|Any CPU.Build.0 = Debug|Any CPU
		{36E2ACC3-ED80-7A47-CBA1-8EE405D5672E}.Release|Any CPU.ActiveCfg = Release|Any CPU
		{36E2ACC3-ED80-7A47-CBA1-8EE405D5672E}.Release|Any CPU.Build.0 = Release|Any CPU
		{CAD75F3C-00DA-BD24-68A2-97E0C9D175B6}.Debug|Any CPU.ActiveCfg = Debug|Any CPU
		{CAD75F3C-00DA-BD24-68A2-97E0C9D175B6}.Debug|Any CPU.Build.0 = Debug|Any CPU
		{CAD75F3C-00DA-BD24-68A2-97E0C9D175B6}.Release|Any CPU.ActiveCfg = Release|Any CPU
		{CAD75F3C-00DA-BD24-68A2-97E0C9D175B6}.Release|Any CPU.Build.0 = Release|Any CPU
		{DDF819CD-82DC-6739-5C52-305D1B958B7C}.Debug|Any CPU.ActiveCfg = Debug|Any CPU
		{DDF819CD-82DC-6739-5C52-305D1B958B7C}.Debug|Any CPU.Build.0 = Debug|Any CPU
		{DDF819CD-82DC-6739-5C52-305D1B958B7C}.Release|Any CPU.ActiveCfg = Release|Any CPU
		{DDF819CD-82DC-6739-5C52-305D1B958B7C}.Release|Any CPU.Build.0 = Release|Any CPU
		{D13DDF5A-210E-7C61-7A4A-3CE59CC8001A}.Debug|Any CPU.ActiveCfg = Debug|Any CPU
		{D13DDF5A-210E-7C61-7A4A-3CE59CC8001A}.Debug|Any CPU.Build.0 = Debug|Any CPU
		{D13DDF5A-210E-7C61-7A4A-3CE59CC8001A}.Release|Any CPU.ActiveCfg = Release|Any CPU
		{D13DDF5A-210E-7C61-7A4A-3CE59CC8001A}.Release|Any CPU.Build.0 = Release|Any CPU
		{9052DE62-673A-E9D5-4BC2-178BBD0A66D1}.Debug|Any CPU.ActiveCfg = Debug|Any CPU
		{9052DE62-673A-E9D5-4BC2-178BBD0A66D1}.Debug|Any CPU.Build.0 = Debug|Any CPU
		{9052DE62-673A-E9D5-4BC2-178BBD0A66D1}.Release|Any CPU.ActiveCfg = Release|Any CPU
		{9052DE62-673A-E9D5-4BC2-178BBD0A66D1}.Release|Any CPU.Build.0 = Release|Any CPU
		{92C643B5-3369-CD46-1C4A-2C744F5DC538}.Debug|Any CPU.ActiveCfg = Debug|Any CPU
		{92C643B5-3369-CD46-1C4A-2C744F5DC538}.Debug|Any CPU.Build.0 = Debug|Any CPU
		{92C643B5-3369-CD46-1C4A-2C744F5DC538}.Release|Any CPU.ActiveCfg = Release|Any CPU
		{92C643B5-3369-CD46-1C4A-2C744F5DC538}.Release|Any CPU.Build.0 = Release|Any CPU
		{7BE54F8D-1D1E-EED4-D84F-514263FE0CB5}.Debug|Any CPU.ActiveCfg = Debug|Any CPU
		{7BE54F8D-1D1E-EED4-D84F-514263FE0CB5}.Debug|Any CPU.Build.0 = Debug|Any CPU
		{7BE54F8D-1D1E-EED4-D84F-514263FE0CB5}.Release|Any CPU.ActiveCfg = Release|Any CPU
		{7BE54F8D-1D1E-EED4-D84F-514263FE0CB5}.Release|Any CPU.Build.0 = Release|Any CPU
		{9727DF2E-A7C8-4606-2C59-C61621DE3502}.Debug|Any CPU.ActiveCfg = Debug|Any CPU
		{9727DF2E-A7C8-4606-2C59-C61621DE3502}.Debug|Any CPU.Build.0 = Debug|Any CPU
		{9727DF2E-A7C8-4606-2C59-C61621DE3502}.Release|Any CPU.ActiveCfg = Release|Any CPU
		{9727DF2E-A7C8-4606-2C59-C61621DE3502}.Release|Any CPU.Build.0 = Release|Any CPU
		{FA31E4CE-E5C9-021C-97E5-6CBD715FE1FA}.Debug|Any CPU.ActiveCfg = Debug|Any CPU
		{FA31E4CE-E5C9-021C-97E5-6CBD715FE1FA}.Debug|Any CPU.Build.0 = Debug|Any CPU
		{FA31E4CE-E5C9-021C-97E5-6CBD715FE1FA}.Release|Any CPU.ActiveCfg = Release|Any CPU
		{FA31E4CE-E5C9-021C-97E5-6CBD715FE1FA}.Release|Any CPU.Build.0 = Release|Any CPU
		{C0DF9FFC-12E8-2229-106B-E047D82176FB}.Debug|Any CPU.ActiveCfg = Debug|Any CPU
		{C0DF9FFC-12E8-2229-106B-E047D82176FB}.Debug|Any CPU.Build.0 = Debug|Any CPU
		{C0DF9FFC-12E8-2229-106B-E047D82176FB}.Release|Any CPU.ActiveCfg = Release|Any CPU
		{C0DF9FFC-12E8-2229-106B-E047D82176FB}.Release|Any CPU.Build.0 = Release|Any CPU
		{C33D7C1D-C1C0-9ADE-83CF-5F80636DAB6B}.Debug|Any CPU.ActiveCfg = Debug|Any CPU
		{C33D7C1D-C1C0-9ADE-83CF-5F80636DAB6B}.Debug|Any CPU.Build.0 = Debug|Any CPU
		{C33D7C1D-C1C0-9ADE-83CF-5F80636DAB6B}.Release|Any CPU.ActiveCfg = Release|Any CPU
		{C33D7C1D-C1C0-9ADE-83CF-5F80636DAB6B}.Release|Any CPU.Build.0 = Release|Any CPU
		{940A5A40-CE5E-2045-C815-861A4D15E798}.Debug|Any CPU.ActiveCfg = Debug|Any CPU
		{940A5A40-CE5E-2045-C815-861A4D15E798}.Debug|Any CPU.Build.0 = Debug|Any CPU
		{940A5A40-CE5E-2045-C815-861A4D15E798}.Release|Any CPU.ActiveCfg = Release|Any CPU
		{940A5A40-CE5E-2045-C815-861A4D15E798}.Release|Any CPU.Build.0 = Release|Any CPU
		{083FA408-67C8-0455-B440-04B6E6D97D20}.Debug|Any CPU.ActiveCfg = Debug|Any CPU
		{083FA408-67C8-0455-B440-04B6E6D97D20}.Debug|Any CPU.Build.0 = Debug|Any CPU
		{083FA408-67C8-0455-B440-04B6E6D97D20}.Release|Any CPU.ActiveCfg = Release|Any CPU
		{083FA408-67C8-0455-B440-04B6E6D97D20}.Release|Any CPU.Build.0 = Release|Any CPU
		{578686B0-5515-8523-BA66-C931165160AB}.Debug|Any CPU.ActiveCfg = Debug|Any CPU
		{578686B0-5515-8523-BA66-C931165160AB}.Debug|Any CPU.Build.0 = Debug|Any CPU
		{578686B0-5515-8523-BA66-C931165160AB}.Release|Any CPU.ActiveCfg = Release|Any CPU
		{578686B0-5515-8523-BA66-C931165160AB}.Release|Any CPU.Build.0 = Release|Any CPU
		{923955F0-2A39-75BD-7F73-8A9A248C548A}.Debug|Any CPU.ActiveCfg = Debug|Any CPU
		{923955F0-2A39-75BD-7F73-8A9A248C548A}.Debug|Any CPU.Build.0 = Debug|Any CPU
		{923955F0-2A39-75BD-7F73-8A9A248C548A}.Release|Any CPU.ActiveCfg = Release|Any CPU
		{923955F0-2A39-75BD-7F73-8A9A248C548A}.Release|Any CPU.Build.0 = Release|Any CPU
		{ACC05632-8530-B93F-439D-ABFAD1A14FA3}.Debug|Any CPU.ActiveCfg = Debug|Any CPU
		{ACC05632-8530-B93F-439D-ABFAD1A14FA3}.Debug|Any CPU.Build.0 = Debug|Any CPU
		{ACC05632-8530-B93F-439D-ABFAD1A14FA3}.Release|Any CPU.ActiveCfg = Release|Any CPU
		{ACC05632-8530-B93F-439D-ABFAD1A14FA3}.Release|Any CPU.Build.0 = Release|Any CPU
	EndGlobalSection
	GlobalSection(SolutionProperties) = preSolution
		HideSolutionNode = FALSE
	EndGlobalSection
EndGlobal
